
Microsoft Visual Studio Solution File, Format Version 12.00
# Visual Studio Version 17
VisualStudioVersion = 17.9.34701.34
MinimumVisualStudioVersion = 10.0.40219.1
Project("{FAE04EC0-301F-11D3-BF4B-00C04F79EFBC}") = "Bridge", "Bridge\Bridge.csproj", "{5D3DA475-CEB7-4228-884A-42F893EE96CA}"
EndProject
Global
	GlobalSection(SolutionConfigurationPlatforms) = preSolution
		Debug|Any CPU = Debug|Any CPU
		Release|Any CPU = Release|Any CPU
	EndGlobalSection
	GlobalSection(ProjectConfigurationPlatforms) = postSolution
		{5D3DA475-CEB7-4228-884A-42F893EE96CA}.Debug|Any CPU.ActiveCfg = Debug|Any CPU
		{5D3DA475-CEB7-4228-884A-42F893EE96CA}.Debug|Any CPU.Build.0 = Debug|Any CPU
		{5D3DA475-CEB7-4228-884A-42F893EE96CA}.Release|Any CPU.ActiveCfg = Release|Any CPU
		{5D3DA475-CEB7-4228-884A-42F893EE96CA}.Release|Any CPU.Build.0 = Release|Any CPU
	EndGlobalSection
	GlobalSection(SolutionProperties) = preSolution
		HideSolutionNode = FALSE
	EndGlobalSection
	GlobalSection(ExtensibilityGlobals) = postSolution
		SolutionGuid = {2E73FB10-D057-4F28-8503-41F047972983}
	EndGlobalSection
EndGlobal
